version = 1
revision = 3
requires-python = "==3.14.*"
resolution-markers = [
    "sys_platform == 'win32'",
    "sys_platform == 'emscripten'",
    "sys_platform != 'emscripten' and sys_platform != 'win32'",
]

[[package]]
name = "h5py"
version = "3.16.0"
source = { registry = "https://pypi.org/simple" }
dependencies = [
    { name = "numpy" },
]
sdist = { url = "https://files.pythonhosted.org/packages/db/33/acd0ce6863b6c0d7735007df01815403f5589a21ff8c2e1ee2587a38f548/h5py-3.16.0.tar.gz", hash = "sha256:a0dbaad796840ccaa67a4c144a0d0c8080073c34c76d5a6941d6818678ef2738", size = 446526, upload-time = "2026-03-06T13:49:08.07Z" }
wheels = [
    { url = "https://files.pythonhosted.org/packages/48/3c/7fcd9b4c9eed82e91fb15568992561019ae7a829d1f696b2c844355d95dd/h5py-3.16.0-cp314-cp314-macosx_10_15_x86_64.whl", hash = "sha256:9c9d307c0ef862d1cd5714f72ecfafe0a5d7529c44845afa8de9f46e5ba8bd65", size = 3678608, upload-time = "2026-03-06T13:48:35.183Z" },
    { url = "https://files.pythonhosted.org/packages/6a/b7/9366ed44ced9b7ef357ab48c94205280276db9d7f064aa3012a97227e966/h5py-3.16.0-cp314-cp314-macosx_11_0_arm64.whl", hash = "sha256:8c1eff849cdd53cbc73c214c30ebdb6f1bb8b64790b4b4fc36acdb5e43570210", size = 3054773, upload-time = "2026-03-06T13:48:37.139Z" },
    { url = "https://files.pythonhosted.org/packages/58/a5/4964bc0e91e86340c2bbda83420225b2f770dcf1eb8a39464871ad769436/h5py-3.16.0-cp314-cp314-manylinux_2_28_aarch64.whl", hash = "sha256:e2c04d129f180019e216ee5f9c40b78a418634091c8782e1f723a6ca3658b965", size = 5198886, upload-time = "2026-03-06T13:48:38.879Z" },
    { url = "https://files.pythonhosted.org/packages/f1/16/d905e7f53e661ce2c24686c38048d8e2b750ffc4350009d41c4e6c6c9826/h5py-3.16.0-cp314-cp314-manylinux_2_28_x86_64.whl", hash = "sha256:e4360f15875a532bc7b98196c7592ed4fc92672a57c0a621355961cafb17a6dd", size = 5404883, upload-time = "2026-03-06T13:48:41.324Z" },
    { url = "https://files.pythonhosted.org/packages/4b/f2/58f34cb74af46d39f4cd18ea20909a8514960c5a3e5b92fd06a28161e0a8/h5py-3.16.0-cp314-cp314-musllinux_1_2_aarch64.whl", hash = "sha256:3fae9197390c325e62e0a1aa977f2f62d994aa87aab182abbea85479b791197c", size = 5192039, upload-time = "2026-03-06T13:48:43.117Z" },
    { url = "https://files.pythonhosted.org/packages/ce/ca/934a39c24ce2e2db017268c08da0537c20fa0be7e1549be3e977313fc8f5/h5py-3.16.0-cp314-cp314-musllinux_1_2_x86_64.whl", hash = "sha256:43259303989ac8adacc9986695b31e35dba6fd1e297ff9c6a04b7da5542139cc", size = 5421526, upload-time = "2026-03-06T13:48:44.838Z" },
    { url = "https://files.pythonhosted.org/packages/3e/14/615a450205e1b56d16c6783f5ccd116cde05550faad70ae077c955654a75/h5py-3.16.0-cp314-cp314-win_amd64.whl", hash = "sha256:fa48993a0b799737ba7fd21e2350fa0a60701e58180fae9f2de834bc39a147ab", size = 3183263, upload-time = "2026-03-06T13:48:47.117Z" },
    { url = "https://files.pythonhosted.org/packages/7b/48/a6faef5ed632cae0c65ac6b214a6614a0b510c3183532c521bdb0055e117/h5py-3.16.0-cp314-cp314-win_arm64.whl", hash = "sha256:1897a771a7f40d05c262fc8f37376ec37873218544b70216872876c627640f63", size = 2663450, upload-time = "2026-03-06T13:48:48.707Z" },
    { url = "https://files.pythonhosted.org/packages/5d/32/0c8bb8aedb62c772cf7c1d427c7d1951477e8c2835f872bc0a13d1f85f86/h5py-3.16.0-cp314-cp314t-macosx_10_15_x86_64.whl", hash = "sha256:15922e485844f77c0b9d275396d435db3baa58292a9c2176a386e072e0cf2491", size = 3760693, upload-time = "2026-03-06T13:48:50.453Z" },
    { url = "https://files.pythonhosted.org/packages/1d/1f/fcc5977d32d6387c5c9a694afee716a5e20658ac08b3ff24fdec79fb05f2/h5py-3.16.0-cp314-cp314t-macosx_11_0_arm64.whl", hash = "sha256:df02dd29bd247f98674634dfe41f89fd7c16ba3d7de8695ec958f58404a4e618", size = 3181305, upload-time = "2026-03-06T13:48:52.221Z" },
    { url = "https://files.pythonhosted.org/packages/f5/a1/af87f64b9f986889884243643621ebbd4ac72472ba8ec8cec891ac8e2ca1/h5py-3.16.0-cp314-cp314t-manylinux_2_28_aarch64.whl", hash = "sha256:0f456f556e4e2cebeebd9d66adf8dc321770a42593494a0b6f0af54a7567b242", size = 5074061, upload-time = "2026-03-06T13:48:54.089Z" },
    { url = "https://files.pythonhosted.org/packages/cc/d0/146f5eaff3dc246a9c7f6e5e4f42bd45cc613bce16693bcd4d1f7c958bf5/h5py-3.16.0-cp314-cp314t-manylinux_2_28_x86_64.whl", hash = "sha256:3e6cb3387c756de6a9492d601553dffea3fe11b5f22b443aac708c69f3f55e16", size = 5279216, upload-time = "2026-03-06T13:48:56.75Z" },
    { url = "https://files.pythonhosted.org/packages/a1/9d/12a13424f1e604fc7df9497b73c0356fb78c2fb206abd7465ce47226e8fd/h5py-3.16.0-cp314-cp314t-musllinux_1_2_aarch64.whl", hash = "sha256:8389e13a1fd745ad2856873e8187fd10268b2d9677877bb667b41aebd771d8b7", size = 5070068, upload-time = "2026-03-06T13:48:59.169Z" },
    { url = "https://files.pythonhosted.org/packages/41/8c/bbe98f813722b4873818a8db3e15aa3e625b59278566905ac439725e8070/h5py-3.16.0-cp314-cp314t-musllinux_1_2_x86_64.whl", hash = "sha256:346df559a0f7dcb31cf8e44805319e2ab24b8957c45e7708ce503b2ec79ba725", size = 5300253, upload-time = "2026-03-06T13:49:02.033Z" },
    { url = "https://files.pythonhosted.org/packages/32/9e/87e6705b4d6890e7cecdf876e2a7d3e40654a2ae37482d79a6f1b87f7b92/h5py-3.16.0-cp314-cp314t-win_amd64.whl", hash = "sha256:4c6ab014ab704b4feaa719ae783b86522ed0bf1f82184704ed3c9e4e3228796e", size = 3381671, upload-time = "2026-03-06T13:49:04.351Z" },
    { url = "https://files.pythonhosted.org/packages/96/91/9fad90cfc5f9b2489c7c26ad897157bce82f0e9534a986a221b99760b23b/h5py-3.16.0-cp314-cp314t-win_arm64.whl", hash = "sha256:faca8fb4e4319c09d83337adc80b2ca7d5c5a343c2d6f1b6388f32cfecca13c1", size = 2740706, upload-time = "2026-03-06T13:49:06.347Z" },
]

[[package]]
name = "numpy"
version = "2.5.3"
source = { registry = "https://pypi.org/simple" }
sdist = { url = "https://files.pythonhosted.org/packages/13/01/11703282db468b85f6f7b8c7f22d058de5970d5c7e60a3a8aaa313c3de36/numpy-2.5.3.tar.gz", hash = "sha256:df2d5874ff183595a4ba404edd04f6bd9b5505c1d7708573f6a6c17489a67563", size = 20791231, upload-time = "2026-09-06T16:27:47.073Z" }
wheels = [
    { url = "https://files.pythonhosted.org/packages/70/78/cf416f15dc29375a229d9dfebf8db6e313f291580b39fa1a568b6052bb07/numpy-2.5.3-cp314-cp314-macosx_10_15_x86_64.whl", hash = "sha256:350ba9783ce969cf9f7ce6e6a9a58e1a6e2a19ca025b7ee448c4db727706212a", size = 16998686, upload-time = "2026-09-06T16:25:33.171Z" },
    { url = "https://files.pythonhosted.org/packages/9e/59/abcc2d8def4fd60eec7d87f92d27c13448ffd9ab14339bcc63a0d7a2fdea/numpy-2.5.3-cp314-cp314-macosx_11_0_arm64.whl", hash = "sha256:012e66aca395d795496446e52aeeb5866312a5d4d3f27da270e5a0b43f70dc5c", size = 12013862, upload-time = "2026-09-06T16:25:36.748Z" },
    { url = "https://files.pythonhosted.org/packages/94/75/4640d2d6e4b64a049e48425a82728a41ef4adb61332d2cba68055774878b/numpy-2.5.3-cp314-cp314-macosx_14_0_arm64.whl", hash = "sha256:adc1ada2662f8a5f960b8a10d9986897e7499ef07e06d4cfe7197f8cce923c07", size = 5449793, upload-time = "2026-09-06T16:25:39.476Z" },
    { url = "https://files.pythonhosted.org/packages/96/cd/625b57ae33d4ca560f32cc0b47b4a5922146d9beb998ddf773900d440a73/numpy-2.5.3-cp314-cp314-macosx_14_0_x86_64.whl", hash = "sha256:54a115e5a73b8fc44f0cebef486365a1894b5c9760685d4558b72b7c3eb846e0", size = 6785176, upload-time = "2026-09-06T16:25:42.069Z" },
    { url = "https://files.pythonhosted.org/packages/9c/72/12918652e7912ef9751e8694c88820fcd1908e0618cb23f5f3caa6004b7b/numpy-2.5.3-cp314-cp314-manylinux_2_27_aarch64.manylinux_2_28_aarch64.whl", hash = "sha256:be5a8381859b6da607c84f4f7d6847725f1cf1853ef8a2c9e115b7d58bef47dc", size = 15703377, upload-time = "2026-09-06T16:25:45.135Z" },
    { url = "https://files.pythonhosted.org/packages/45/8f/9beacf79ca7c650688ad0baa80931adb988fe6e6e5d5903c23cc3dbd70eb/numpy-2.5.3-cp314-cp314-manylinux_2_27_x86_64.manylinux_2_28_x86_64.whl", hash = "sha256:b0521d0f4aebb6e06189451025fa17a913287b13c03d5fe05c017333b654ea5b", size = 16711928, upload-time = "2026-09-06T16:25:48.461Z" },
    { url = "https://files.pythonhosted.org/packages/09/8d/41d0a56e1ac4c87495c897a211b1368691b7237aadabec8b3b8f3a74d48f/numpy-2.5.3-cp314-cp314-musllinux_1_2_aarch64.whl", hash = "sha256:9deb49575e5b0b94ed72c8a64ec4d033381adc27e9060ae842971f697ba96104", size = 17059507, upload-time = "2026-09-06T16:25:51.873Z" },
    { url = "https://files.pythonhosted.org/packages/08/1e/0dfbc5cc251d54e2af790f254d24ec38637fa97ec7d5d11de7ffed787098/numpy-2.5.3-cp314-cp314-musllinux_1_2_x86_64.whl", hash = "sha256:b00eefbcf0f292945c4b4dec2ae845389ef5bcdcd596e6e4328051db5b5ba694", size = 18471002, upload-time = "2026-09-06T16:25:55.233Z" },
    { url = "https://files.pythonhosted.org/packages/b5/2c/dfa40f6991f8185c8c30ffd023dfcbb11888e823cfab9557b920f3bb7bed/numpy-2.5.3-cp314-cp314-win32.whl", hash = "sha256:c2381f82999704f818e2c987a865050e285ec3621262c66d40f5a96c8f899f8e", size = 6180485, upload-time = "2026-09-06T16:25:58.157Z" },
    { url = "https://files.pythonhosted.org/packages/a4/73/d2c08231e4fde7e415501fd02c715d96e98599b2d8384445933944152984/numpy-2.5.3-cp314-cp314-win_amd64.whl", hash = "sha256:2c25dfa72943e4336ddb6b0ee4277b47a0c85bede0807530ec68103bf58e2c10", size = 12698179, upload-time = "2026-09-06T16:26:00.789Z" },
    { url = "https://files.pythonhosted.org/packages/5c/e9/dcdcc9b95cf5f49815055573aee1b11cfbf5299f38a180e437ded050810f/numpy-2.5.3-cp314-cp314-win_arm64.whl", hash = "sha256:15aa985ac73a8db02db7663381aa109510449d3819d37206caed27b33a65a8a6", size = 10769383, upload-time = "2026-09-06T16:26:04.011Z" },
    { url = "https://files.pythonhosted.org/packages/49/c4/af8bc08a7ef4e1529a7c0cf24969accce316b783999802089a581ec99272/numpy-2.5.3-cp314-cp314t-macosx_11_0_arm64.whl", hash = "sha256:ac7bb1c52d445bd4f8f7f97fefe6abc3a084dc4d63df50d79b17fa2b78e89297", size = 12132668, upload-time = "2026-09-06T16:26:07.138Z" },
    { url = "https://files.pythonhosted.org/packages/c5/ae/0f15eb56d4ec5e13c1f7ff04ff407f997d1acbadb45d3e1f2e2645a8f43c/numpy-2.5.3-cp314-cp314t-macosx_14_0_arm64.whl", hash = "sha256:e6ab667ba76450084eb64013762c438ea76d9d29cc676dcd6c2e9892ba37f841", size = 5568580, upload-time = "2026-09-06T16:26:09.828Z" },
    { url = "https://files.pythonhosted.org/packages/23/fb/c72a8f25d4b6e96c354e7ab45ace3b27dc11e5d6a13b6c7d0cd6b08bf112/numpy-2.5.3-cp314-cp314t-macosx_14_0_x86_64.whl", hash = "sha256:f7fabeb6cea87d65f3b926de33d03fb016cfdc29314c90974383b5582ae72891", size = 6882634, upload-time = "2026-09-06T16:26:12.524Z" },
    { url = "https://files.pythonhosted.org/packages/07/a9/968c90ed2ab15060c338e8137f1215b5a60756ae07328e0a60d1c6734df4/numpy-2.5.3-cp314-cp314t-manylinux_2_27_aarch64.manylinux_2_28_aarch64.whl", hash = "sha256:1fb6f8fb9ff0b3a69f52c66ce397b0246583e9f28616231b0e32ca49259a5fa6", size = 15748923, upload-time = "2026-09-06T16:26:15.092Z" },
    { url = "https://files.pythonhosted.org/packages/59/08/9df04103947b95e3b6b1f2ed1a70521f325647a31b82da6a2aae3a485508/numpy-2.5.3-cp314-cp314t-manylinux_2_27_x86_64.manylinux_2_28_x86_64.whl", hash = "sha256:93e1f5447e2b1e479d7bd74701e84746b86450cff1fc368b132d195e2b8f8211", size = 16746748, upload-time = "2026-09-06T16:26:18.43Z" },
    { url = "https://files.pythonhosted.org/packages/41/a0/14c8d5fe5b53a334aabb653deb391c0fef49558f491880ea300ed6785224/numpy-2.5.3-cp314-cp314t-musllinux_1_2_aarch64.whl", hash = "sha256:c00abe94c1a69d75d827dcf1c025b25c8a45d230b3bcd77a9020883a1b047653", size = 17111561, upload-time = "2026-09-06T16:26:22.113Z" },
    { url = "https://files.pythonhosted.org/packages/c4/a6/d7e96e42f01522e154c32489640f16dfc4f6181d165d05fc3bec8c2c4999/numpy-2.5.3-cp314-cp314t-musllinux_1_2_x86_64.whl", hash = "sha256:536f963710a4e63934d80ac0dc4f478804a83e9a84b6828018f25d09953ada33", size = 18513945, upload-time = "2026-09-06T16:26:25.401Z" },
    { url = "https://files.pythonhosted.org/packages/25/39/3453afb7119d0449ef11c886874120ff180e2c337760e0e2d88f70f1a945/numpy-2.5.3-cp314-cp314t-win32.whl", hash = "sha256:4c8a6d2ebce6305fd82fbefca827775437147052a976ee7c94b36a0c1b52ac6c", size = 6335421, upload-time = "2026-09-06T16:26:28.175Z" },
    { url = "https://files.pythonhosted.org/packages/99/01/22815d2b19a1a746b1d45205cffebb3fe511a18acb75fba6c88491fc9894/numpy-2.5.3-cp314-cp314t-win_amd64.whl", hash = "sha256:9a37475425b431b4d060f23b4f52cd2f3aef6bc7c654bd760adf0040eec9d435", size = 12896420, upload-time = "2026-09-06T16:26:31.265Z" },
    { url = "https://files.pythonhosted.org/packages/fa/ee/a7cbba67eeaff038dc29ca8b98a88396c8b0cc9c89d4924f4a27a5c9150b/numpy-2.5.3-cp314-cp314t-win_arm64.whl", hash = "sha256:2d8240cb4c16fd831074aa2b2cf9fc54664d826341d61c372245b96a74a49a9a", size = 10857177, upload-time = "2026-09-06T16:26:34.167Z" },
]

[[package]]
name = "pandas"
version = "3.0.6"
source = { registry = "https://pypi.org/simple" }
dependencies = [
    { name = "numpy" },
    { name = "python-dateutil" },
    { name = "tzdata", marker = "sys_platform == 'emscripten' or sys_platform == 'win32'" },
]
sdist = { url = "https://files.pythonhosted.org/packages/e2/17/d7b106e05bfa642e8694451e7d3d759c6a241c5386a5d962e4f66c047e06/pandas-3.0.6.tar.gz", hash = "sha256:66b07ef7315a31bfe1089cd3d71a7de781c9dca986762d0b4fe7c0ef17465d10", size = 4667686, upload-time = "2026-09-17T23:23:18.345Z" }
wheels = [
    { url = "https://files.pythonhosted.org/packages/75/55/1a8875395b05ccd572cbca0b9255dcd2db6e6508e632a558c1a6884b39ad/pandas-3.0.6-cp314-cp314-macosx_10_15_x86_64.whl", hash = "sha256:ee913a91669056c1de1a6b733fbfeab711de9e54e3bee2dfa5fe79d9457247d1", size = 10492213, upload-time = "2026-09-17T23:21:40.746Z" },
    { url = "https://files.pythonhosted.org/packages/35/61/47ae13476995cc8a40cd609e93e7cf11f273d8692925c2903cb6d38aa0d1/pandas-3.0.6-cp314-cp314-macosx_11_0_arm64.whl", hash = "sha256:ff51a4459ed036e93d1eb1bb5e6e7b28685d3cb6b7c12b91c05b31024e234729", size = 10156618, upload-time = "2026-09-17T23:21:44.142Z" },
    { url = "https://files.pythonhosted.org/packages/bc/f2/cc5f2adb8d6e86a85d9fb5128f8cf205a61189336f70d1f7faf0d1b53ec9/pandas-3.0.6-cp314-cp314-manylinux_2_24_aarch64.manylinux_2_28_aarch64.whl", hash = "sha256:654aae059295dbba6ecd2328ca12712a2cf1676214c8699f1c29213f7ccf9c34", size = 10375479, upload-time = "2026-09-17T23:21:47.159Z" },
    { url = "https://files.pythonhosted.org/packages/ca/ba/ffdcb19be4ff6bfe7d969e7cef2c567c633df5a3a1cc1053394ad053bca8/pandas-3.0.6-cp314-cp314-manylinux_2_24_x86_64.manylinux_2_28_x86_64.whl", hash = "sha256:62f51d7f651c8054c5e82a69265c98082e795d1442df7ca6edc3a545d61214b1", size = 10783244, upload-time = "2026-09-17T23:21:50.367Z" },
    { url = "https://files.pythonhosted.org/packages/77/5b/e150075b2c6eb69fae896f2d9239bc6ed07db97735971d53d66de6553460/pandas-3.0.6-cp314-cp314-musllinux_1_2_aarch64.whl", hash = "sha256:22172a92e7ee678ec0140c7af4fc9366b55413834a1cd86af78b3caa0b0574de", size = 11382223, upload-time = "2026-09-17T23:21:53.355Z" },
    { url = "https://files.pythonhosted.org/packages/d6/8a/b441c587dc7355bf6e1f68a91b4f76a6c29740f0c23be3acc5d4ebbeea6d/pandas-3.0.6-cp314-cp314-musllinux_1_2_x86_64.whl", hash = "sha256:583be68728a31d0d750d5b8d9e00f02b153df0d4655f858bde93cb84cfc4227c", size = 11854881, upload-time = "2026-09-17T23:21:56.342Z" },
    { url = "https://files.pythonhosted.org/packages/b7/e9/f43410fada510b43fec09993c08f552086c3d247d3ee801a678f3cb10ea5/pandas-3.0.6-cp314-cp314-win_amd64.whl", hash = "sha256:77ccbe5057aece6fc172b9b77f19c04335af6882bc2e10c8f3ee4e6bfb3da553", size = 9791672, upload-time = "2026-09-17T23:21:59.332Z" },
    { url = "https://files.pythonhosted.org/packages/8b/9e/db14c059c21f9baa1907d436f8bf30e0c76c6288225c5e8b79a08ba8b2c5/pandas-3.0.6-cp314-cp314-win_arm64.whl", hash = "sha256:fb625f426b375bcc96e3a04c5d5d266cd7be6ae5d6866e0e703382ab5164068c", size = 9121246, upload-time = "2026-09-17T23:22:02.123Z" },
    { url = "https://files.pythonhosted.org/packages/67/ba/bad0f8dac020ab38a8637fddab01a57a82da7a496a6e6f19590aad53ab62/pandas-3.0.6-cp314-cp314t-macosx_10_15_x86_64.whl", hash = "sha256:9e492cd4bdba6778de4fe0df7f4590c012161ebcf9902dce01b01dc683105514", size = 10920612, upload-time = "2026-09-17T23:22:05.404Z" },
    { url = "https://files.pythonhosted.org/packages/c4/a9/b500982e9aac6d52a58da4ad3f11e14168a315b06906b3f397c427878065/pandas-3.0.6-cp314-cp314t-macosx_11_0_arm64.whl", hash = "sha256:d7dcd21238cbb4828ff148481ba01cac8946dc5121457b5aeba28636f8f99a60", size = 10570213, upload-time = "2026-09-17T23:22:08.44Z" },
    { url = "https://files.pythonhosted.org/packages/4b/fa/e6ecd0073c98be8f840ac3125b955272835d7d9fd69f5944383b164deb5e/pandas-3.0.6-cp314-cp314t-manylinux_2_24_aarch64.manylinux_2_28_aarch64.whl", hash = "sha256:6ff482fa91fa2bafd92e8fe66ce3645c851824310f295c1f0a2f96e928fc4541", size = 10252356, upload-time = "2026-09-17T23:22:11.302Z" },
    { url = "https://files.pythonhosted.org/packages/04/f5/001e230a7a7803590d9275a1a3f7e1bb605e3a495cfe5e8d3a532090621b/pandas-3.0.6-cp314-cp314t-manylinux_2_24_x86_64.manylinux_2_28_x86_64.whl", hash = "sha256:db7ec631f26223beee8e5c9e0b8f23c24d8197bbd1d982421d4e3188bea51965", size = 10655952, upload-time = "2026-09-17T23:22:14.283Z" },
    { url = "https://files.pythonhosted.org/packages/ca/ab/bab587148a3852c96aae26c4b5f9e04ce2221801ad94e166b4fbf969ede0/pandas-3.0.6-cp314-cp314t-musllinux_1_2_aarch64.whl", hash = "sha256:bd75ed0c840f709fc2ae26ddd9534ac77ca1a48ac0cce521a74acaa85f3340a7", size = 11274177, upload-time = "2026-09-17T23:22:17.352Z" },
    { url = "https://files.pythonhosted.org/packages/f3/32/74b48d87df2b80892d713c149abfe36d5db4de41b4eccb042a2bc07dafc1/pandas-3.0.6-cp314-cp314t-musllinux_1_2_x86_64.whl", hash = "sha256:ef738d71d1059245b6bb03e312be06d8b3821326a83486c1ad03b9aba3710e44", size = 11719041, upload-time = "2026-09-17T23:22:20.227Z" },
    { url = "https://files.pythonhosted.org/packages/f6/c6/d64b72d64d7eb0fad9fe424d34138e45dee70ddbea1360dcd0adf30e28f6/pandas-3.0.6-cp314-cp314t-win_amd64.whl", hash = "sha256:429d9df32731ab01383ed98f2baa7a60368090d1a94fc06019a12062510e8630", size = 10191388, upload-time = "2026-09-17T23:22:23.524Z" },
    { url = "https://files.pythonhosted.org/packages/7a/30/5e5b2ccabeca73ae2b03fc82bca3eabb7466cf43737f05ac08d591665d47/pandas-3.0.6-cp314-cp314t-win_arm64.whl", hash = "sha256:a4dbd4dc65cbe645b92b8785d0f96dd7311010dc6606cf620e51b07b8788a12a", size = 9387796, upload-time = "2026-09-17T23:22:26.64Z" },
]

[[package]]
name = "pyarrow"
version = "25.0.1"
source = { registry = "https://pypi.org/simple" }
sdist = { url = "https://files.pythonhosted.org/packages/3d/e3/27f57f80141379d60defe6703eb50a707325706f07fedfd1312c7a751995/pyarrow-25.0.1.tar.gz", hash = "sha256:9150a83248bfed9813ea3c3af74c3856c1984d444aa28e58bf7733b9750ddf6a", size = 1201653, upload-time = "2026-08-10T12:40:53.904Z" }
wheels = [
    { url = "https://files.pythonhosted.org/packages/36/4c/b525824ad3094076919273cd97db61fb3d78252dee76fa3b8dc8f76774aa/pyarrow-25.0.1-cp314-cp314-macosx_12_0_arm64.whl", hash = "sha256:bf0b672390cdcb640d7288f96b826d71ff4e9abb254a86c89890baf51a29cee6", size = 35885255, upload-time = "2026-08-10T12:39:32.366Z" },
    { url = "https://files.pythonhosted.org/packages/08/62/448bb0e940de41aec31d1a956e63ad9c54afdf122a103cc3ab20c2a3ce33/pyarrow-25.0.1-cp314-cp314-macosx_12_0_x86_64.whl", hash = "sha256:38a9a4b4b9613380e200641891495a56c3d5a98a092db4a870af9975e220471d", size = 37644461, upload-time = "2026-08-10T12:39:38.142Z" },
    { url = "https://files.pythonhosted.org/packages/6e/9a/13587e38bd4806fd218f50fd13b8903fab60588a699ff0c406372e5b4043/pyarrow-25.0.1-cp314-cp314-manylinux_2_28_aarch64.whl", hash = "sha256:0b726ad7e7b669be982b0c71c07fe4b037d654354130da79a7902a669e93a66b", size = 46877146, upload-time = "2026-08-10T12:39:43.722Z" },
    { url = "https://files.pythonhosted.org/packages/8d/61/1c5d1229fa21da4cff5365e41e57177aaac57c563c727f35419b8513d1c1/pyarrow-25.0.1-cp314-cp314-manylinux_2_28_x86_64.whl", hash = "sha256:9171748cdf796972d85a4b60157c279913e242992e350c90c7450182a9838b2a", size = 50131616, upload-time = "2026-08-10T12:39:49.304Z" },
    { url = "https://files.pythonhosted.org/packages/43/20/291e1d65cc0b09aa19f03cf25cf51a2f5fa94b5db315178f2d254ed5cad4/pyarrow-25.0.1-cp314-cp314-musllinux_1_2_aarch64.whl", hash = "sha256:b7a296aac7a71fa0886c08e155ddb6c636a50013f801f6178daafa0f9e726188", size = 50008879, upload-time = "2026-08-10T12:39:56.891Z" },
    { url = "https://files.pythonhosted.org/packages/8b/7c/1b7c9ec28e76576337e4f97b31141c9a181b89b6d1d6221e9d8205621a58/pyarrow-25.0.1-cp314-cp314-musllinux_1_2_x86_64.whl", hash = "sha256:0fe7c8b6c03969b49c8c66182e4a18e3819ab92d07cfab5d8370c531b9369ef0", size = 53170864, upload-time = "2026-08-10T12:40:04.918Z" },
    { url = "https://files.pythonhosted.org/packages/b7/75/f3d789dc06011a765d14d86bda799cf72ac1d715b6a6edecaa0d73d95062/pyarrow-25.0.1-cp314-cp314-win_amd64.whl", hash = "sha256:f729cfdbd36fd99d543b67a914d2de044c84ebe45be8b34902b299b608c15c8f", size = 28620729, upload-time = "2026-08-10T12:40:51.41Z" },
    { url = "https://files.pythonhosted.org/packages/fc/05/647a8ee6f7c2662feb6921315617bc04dcd6034763fb61b1199720bf6162/pyarrow-25.0.1-cp314-cp314t-macosx_12_0_arm64.whl", hash = "sha256:59a2de54c0cbd954da861eee4d1d330f8e909c45b53455baef696380f2c55033", size = 36130288, upload-time = "2026-08-10T12:40:11.014Z" },
    { url = "https://files.pythonhosted.org/packages/93/f8/c9ee997554d7bea94520667dd1933f109ac1da3ee3556d2b49381e023484/pyarrow-25.0.1-cp314-cp314t-macosx_12_0_x86_64.whl", hash = "sha256:35935cd5de130aa5cf4dea052a63e6bf2e17006c35c3a468194242b9b2bf5956", size = 37762187, upload-time = "2026-08-10T12:40:16.592Z" },
    { url = "https://files.pythonhosted.org/packages/a2/08/a28c01c7fe9e96e8233ce2d13df1d402f4f999f848f51d2daacd6bb4c036/pyarrow-25.0.1-cp314-cp314t-manylinux_2_28_aarch64.whl", hash = "sha256:f3831aaa25c67a99f99dc8b05873cb9d64560390372e2aa197ce9dd4a3f06a44", size = 46888003, upload-time = "2026-08-10T12:40:23.242Z" },
    { url = "https://files.pythonhosted.org/packages/1b/b9/58612e977d28dc58c878448866838369ee8da2f1e7cc8ed2c84b952aafee/pyarrow-25.0.1-cp314-cp314t-manylinux_2_28_x86_64.whl", hash = "sha256:6a1fdfc6659b6b19022f2e50627fb5cf7156a66c46bf4299379955cbe742382a", size = 50079036, upload-time = "2026-08-10T12:40:29.169Z" },
    { url = "https://files.pythonhosted.org/packages/72/13/66e1402dcc860e1dc2760b1e0292c9a569b62b3bccab69def1b3e907d006/pyarrow-25.0.1-cp314-cp314t-musllinux_1_2_aarch64.whl", hash = "sha256:169d3429d5be7c752125890620f75a60776d38b0035eddae939651640822332e", size = 50040226, upload-time = "2026-08-10T12:40:35.186Z" },
    { url = "https://files.pythonhosted.org/packages/78/10/3f1a5497a7ef732ab0f03ecca3e66d89d9c0f57fdc61b4794c456b781f01/pyarrow-25.0.1-cp314-cp314t-musllinux_1_2_x86_64.whl", hash = "sha256:119297a6dc197e45d9c6d4415f7814a67ffa36c180d26f68c154c58067ae782d", size = 53149035, upload-time = "2026-08-10T12:40:41.454Z" },
    { url = "https://files.pythonhosted.org/packages/93/c0/37d4a7e8e2f7a6076283673d5298018ca26478b934c6ee369e10505ab32c/pyarrow-25.0.1-cp314-cp314t-win_amd64.whl", hash = "sha256:4288f27577352d608ca08553b0865e4a9b3aa14820c5d95b53337218d609835b", size = 28753071, upload-time = "2026-08-10T12:40:46.623Z" },
]

[[package]]
name = "python-dateutil"
version = "2.9.0.post0"
source = { registry = "https://pypi.org/simple" }
dependencies = [
    { name = "six" },
]
sdist = { url = "https://files.pythonhosted.org/packages/66/c0/0c8b6ad9f17a802ee498c46e004a0eb49bc148f2fd230864601a86dcf6db/python-dateutil-2.9.0.post0.tar.gz", hash = "sha256:37dd54208da7e1cd875388217d5e00ebd4179249f90fb72437e91a35459a0ad3", size = 342432, upload-time = "2024-03-01T18:36:20.211Z" }
wheels = [
    { url = "https://files.pythonhosted.org/packages/ec/57/56b9bcc3c9c6a792fcbaf139543cee77261f3651ca9da0c93f5c1221264b/python_dateutil-2.9.0.post0-py2.py3-none-any.whl", hash = "sha256:a8b2bc7bffae282281c8140a97d3aa9c14da0b136dfe83f850eea9a5f7470427", size = 229892, upload-time = "2024-03-01T18:36:18.57Z" },
]

[[package]]
name = "scipy"
version = "1.18.1"
source = { registry = "https://pypi.org/simple" }
dependencies = [
    { name = "numpy" },
]
sdist = { url = "https://files.pythonhosted.org/packages/7e/74/66de6258867beb2ef08f35f9f2ac017a52cacd5081714d239ff1a442d458/scipy-1.18.1.tar.gz", hash = "sha256:52c4b7422442aba924d03ad4019852b08a92e64ea187b933135687bfe2747307", size = 30781235, upload-time = "2026-08-21T23:28:50.599Z" }
wheels = [
    { url = "https://files.pythonhosted.org/packages/06/d5/d8eb4e280ddb56a4ab2c6f02ee49b56b23f6e977cf0802fd6d68dbef14f5/scipy-1.18.1-cp314-cp314-macosx_10_15_x86_64.whl", hash = "sha256:83de5453a7799afc9048b4616bd085cef126e36412f0ea2f6370c36a2a3a51e7", size = 31090936, upload-time = "2026-08-21T23:25:28.686Z" },
    { url = "https://files.pythonhosted.org/packages/2a/49/59ea385dc3a62ff498ddf3cfff7c2b41b0f9f9d3c4122b3f1dcb6d6327fe/scipy-1.18.1-cp314-cp314-macosx_12_0_arm64.whl", hash = "sha256:9554bcc6d715ee87a633a3cc8e7703c6628b100dd29cb8a2efc4c0533c7ff729", size = 28725221, upload-time = "2026-08-21T23:25:33.244Z" },
    { url = "https://files.pythonhosted.org/packages/70/e8/6b0c288c50942d78193696c9f15f9a0874f5178aa0ddf40f83d9924b3e8d/scipy-1.18.1-cp314-cp314-macosx_14_0_arm64.whl", hash = "sha256:011413b7426b75012840e35649e00fe0a2c3bae89fed433876e3a99251572efc", size = 20466839, upload-time = "2026-08-21T23:25:37.516Z" },
    { url = "https://files.pythonhosted.org/packages/4b/e0/54fd3793c729e3b936782f181b59cbb1205bf250ab605a16cb1ba61cdd5e/scipy-1.18.1-cp314-cp314-macosx_14_0_x86_64.whl", hash = "sha256:88f0e784020649f88ea48c9f5ddfa403bf9205820667c0914740b392035afb82", size = 23089121, upload-time = "2026-08-21T23:25:42.019Z" },
    { url = "https://files.pythonhosted.org/packages/0b/56/030af62bea3cf878e0028515dff78c123b01633606a879b63f42d2db99cc/scipy-1.18.1-cp314-cp314-manylinux_2_27_aarch64.manylinux_2_28_aarch64.whl", hash = "sha256:2d3ab0e8c69a17dd3559eab8cbb88f258e285c94d572c2719033f90f83290c89", size = 34053851, upload-time = "2026-08-21T23:25:47.998Z" },
    { url = "https://files.pythonhosted.org/packages/6b/89/2a844506d49651e9aa1af6ef95b6bd8031cb1d5a4375edec6155037e04cf/scipy-1.18.1-cp314-cp314-manylinux_2_27_x86_64.manylinux_2_28_x86_64.whl", hash = "sha256:ac0333bdf38309aa3dcbe7e3fa7ea29e7a2c37c6ea306a757b700ded8e4596ad", size = 35329183, upload-time = "2026-08-21T23:25:53.522Z" },
    { url = "https://files.pythonhosted.org/packages/eb/56/c7370c3640e92ac9613cbf26cb3f729f9b12ddf1727b55b94b53b24d6f48/scipy-1.18.1-cp314-cp314-musllinux_1_2_aarch64.whl", hash = "sha256:911de823097db8b63f034299d12662db93344e6ffa0b881cbb57748974b70168", size = 35672551, upload-time = "2026-08-21T23:25:59.387Z" },
    { url = "https://files.pythonhosted.org/packages/24/16/ec8536f351421f8bf60a1120930638f83790f4710b8230446aca3d6159d4/scipy-1.18.1-cp314-cp314-musllinux_1_2_x86_64.whl", hash = "sha256:95298364e251be3e60249facbeeca03631d3bb7584f85879516ec55ac717b81f", size = 37469416, upload-time = "2026-08-21T23:26:05.432Z" },
    { url = "https://files.pythonhosted.org/packages/52/94/d73da0d28f16c45bb9b0a5691b91610b0275c5ef0eb5e43c87cf2dc1bf31/scipy-1.18.1-cp314-cp314-win_amd64.whl", hash = "sha256:78a0d7c918e74a232394117160e7e3db503377572a45bcef8826e4ab8a35feba", size = 37362755, upload-time = "2026-08-21T23:26:11.366Z" },
    { url = "https://files.pythonhosted.org/packages/89/25/e996e4dc74e10e227b1e14db5eaf6608bb6dd33884a64851c38f18dd4249/scipy-1.18.1-cp314-cp314-win_arm64.whl", hash = "sha256:cbf38d043c1aa4ab306e1ada6ab6eddacc3322a20b7af1b30bc93254b366fe09", size = 25036090, upload-time = "2026-08-21T23:26:15.887Z" },
    { url = "https://files.pythonhosted.org/packages/fa/c9/c00213f92309d753b48903e6a451b87eb52ff5b7a16e789d1568bbf221c4/scipy-1.18.1-cp314-cp314t-macosx_10_15_x86_64.whl", hash = "sha256:0fcb3c93519f27bb4f0c4b0f7802cdcaca7fcf93267b75edda2e9f4e8a55cbd7", size = 31485550, upload-time = "2026-08-21T23:26:20.776Z" },
    { url = "https://files.pythonhosted.org/packages/74/b2/e3067c487982d4eeab2938928529410370c06fea84a4d3f4925e7d96647d/scipy-1.18.1-cp314-cp314t-macosx_12_0_arm64.whl", hash = "sha256:ddef79fb382df40104a19bb7151b3b23e57c1778fcf857c71ceecd9bd264513f", size = 29174642, upload-time = "2026-08-21T23:26:25.395Z" },
    { url = "https://files.pythonhosted.org/packages/d5/ab/374c9fe2d1ec014e576c781a4b5d8e1ba340e8f6b4638c16f711d2b194f0/scipy-1.18.1-cp314-cp314t-macosx_14_0_arm64.whl", hash = "sha256:0e82073ecc7acc6436fac4b31674109c7e1d3e596789767eda01258a8c9e8123", size = 20916357, upload-time = "2026-08-21T23:26:30.112Z" },
    { url = "https://files.pythonhosted.org/packages/90/38/223915c88a17317cafbf8ca2a42b11c265a9fb1e804aa665544132b5fe8a/scipy-1.18.1-cp314-cp314t-macosx_14_0_x86_64.whl", hash = "sha256:8bcf3c1ba5d6456e2effd30fcbd3459b044d683fcdac79a2e6830f0bdf7de487", size = 23482611, upload-time = "2026-08-21T23:26:34.846Z" },
    { url = "https://files.pythonhosted.org/packages/c4/d1/db0948da8ca57a80b36520ef0a768b967d99f3af65f4b6f1bf6362ad4dd4/scipy-1.18.1-cp314-cp314t-manylinux_2_27_aarch64.manylinux_2_28_aarch64.whl", hash = "sha256:cfbf154f2ba187f2ed6cce2639efff7d105f1140573642c0161615b6d91d6a87", size = 34143202, upload-time = "2026-08-21T23:26:40.4Z" },
    { url = "https://files.pythonhosted.org/packages/87/53/39d046cc7574ed6acacb6bd5723e220107ece80bff12faaf3efc4ddeede4/scipy-1.18.1-cp314-cp314t-manylinux_2_27_x86_64.manylinux_2_28_x86_64.whl", hash = "sha256:a1d33a7836f7ddc1993427966a0823468ec41bcbdb1a9f9942d1d7e57f803ba3", size = 35380876, upload-time = "2026-08-21T23:26:46.1Z" },
    { url = "https://files.pythonhosted.org/packages/f9/da/32e0e799d875a85ca57d9bde6c78148afcc0e38276df683d95854eadc8c3/scipy-1.18.1-cp314-cp314t-musllinux_1_2_aarch64.whl", hash = "sha256:7f4b8bc363b6d65ee2152bec57568e3c52639bb34c46057b09857a307ed5e21d", size = 35770885, upload-time = "2026-08-21T23:26:51.533Z" },
    { url = "https://files.pythonhosted.org/packages/88/2e/f97a666d362fee68b18f41c9c30ed502ca5c98b549749bfcb52a8b74d1eb/scipy-1.18.1-cp314-cp314t-musllinux_1_2_x86_64.whl", hash = "sha256:11c423f1049c5755ad4409af52a9ada1cff96fe9b50795d4af3619f292901239", size = 37525424, upload-time = "2026-08-21T23:26:56.751Z" },
    { url = "https://files.pythonhosted.org/packages/ca/d5/a9e765a84654ebba8479a1fd1b059ced1af72b168a3b2a3a46540ea38d20/scipy-1.18.1-cp314-cp314t-win_amd64.whl", hash = "sha256:c24acac1e18912761c4700239bbc1fd32f615af690f1584d49b35859be51324d", size = 37416961, upload-time = "2026-08-21T23:27:01.546Z" },
    { url = "https://files.pythonhosted.org/packages/ee/16/e79e0d1c63ef698879d85439d37e9fb434e3b804e506a6991038d086ebd9/scipy-1.18.1-cp314-cp314t-win_arm64.whl", hash = "sha256:9f2897bf7737392ad0d5213ea7b6add72a4edf5679b3153106aeb88b6507b3b9", size = 25331848, upload-time = "2026-08-21T23:27:05.884Z" },
]

[[package]]
name = "six"
version = "1.17.0"
source = { registry = "https://pypi.org/simple" }
sdist = { url = "https://files.pythonhosted.org/packages/94/e7/b2c673351809dca68a0e064b6af791aa332cf192da575fd474ed7d6f16a2/six-1.17.0.tar.gz", hash = "sha256:ff70335d468e7eb6ec65b95b99d3a2836546063f63acc5171de367e834932a81", size = 34031, upload-time = "2024-12-04T17:35:28.174Z" }
wheels = [
    { url = "https://files.pythonhosted.org/packages/b7/ce/149a00dd41f10bc29e5921b496af8b574d8413afcd5e30dfa0ed46c2cc5e/six-1.17.0-py2.py3-none-any.whl", hash = "sha256:4721f391ed90541fddacab5acf947aa0d3dc7d27b2e1e8eda2be8970586c3274", size = 11050, upload-time = "2024-12-04T17:35:26.475Z" },
]

[[package]]
name = "tzdata"
version = "2026.4"
source = { registry = "https://pypi.org/simple" }
sdist = { url = "https://files.pythonhosted.org/packages/e4/31/3d74fa778a63b98b7374323befcc0be5ab3bd94afd4096a0124e7379152c/tzdata-2026.4.tar.gz", hash = "sha256:f1b8bd365d8d210c55353f4d7f8d6d8561c0ba50d704b700d195a9424bba0d79", size = 199350, upload-time = "2026-09-12T12:56:03.251Z" }
wheels = [
    { url = "https://files.pythonhosted.org/packages/f9/bc/8737e8d54cf51106118039b83f485a4783112fab49ea9d044b234978a46e/tzdata-2026.4-py2.py3-none-any.whl", hash = "sha256:c2169a8b0a7a5e9674da5a135ccdfb2b3e671b333ed9fed17b41f73c34476e81", size = 347494, upload-time = "2026-09-12T12:56:01.67Z" },
]

[[package]]
name = "vcc-data-assessment"
version = "0.1.0"
source = { virtual = "." }
dependencies = [
    { name = "h5py" },
    { name = "numpy" },
    { name = "pandas" },
    { name = "pyarrow" },
    { name = "scipy" },
]

[package.metadata]
requires-dist = [
    { name = "h5py" },
    { name = "numpy" },
    { name = "pandas" },
    { name = "pyarrow" },
    { name = "scipy" },
]
